# This file is automatically @generated by Poetry 1.8.2 and should not be changed by hand.

[[package]]
name = "python-constraint"
version = "1.4.0"
description = "python-constraint is a module implementing support for handling CSPs (Constraint Solving Problems) over finite domain"
optional = false
python-versions = "*"
files = [
    {file = "python-constraint-1.4.0.tar.bz2", hash = "sha256:501d6f17afe0032dfc6ea6c0f8acc12e44f992733f00e8538961031ef27ccb8e"},
]

[package.extras]
dev = ["check-manifest", "nose"]
test = ["coverage", "nose"]

[metadata]
lock-version = "2.0"
python-versions = "^3.12"
content-hash = "b6c1b9711c22d2e5eb927b8df45718d5219ce13ed45ac09ad416645ce8206f47"
